{
  "name": "@snowblind/e2e",
  "version": "1.0.0",
  "lockfileVersion": 2,
  "requires": true,
  "packages": {
    "": {
      "name": "@snowblind/e2e",
      "version": "1.0.0",
      "license": "ISC",
      "dependencies": {
        "flake-javascript": "^1.0.3"
      }
    },
    "node_modules/@flake-universal/core": {
      "resolved": "node_modules/flake-testing/packages/core",
      "link": true
    },
    "node_modules/flake-javascript": {
      "version": "1.0.3",
      "resolved": "https://registry.npmjs.org/flake-javascript/-/flake-javascript-1.0.3.tgz",
      "integrity": "sha512-yo8865ET6zbkOHWdBZWqPLYhXI8aXC38oggpfsE/VPQXNYmeb4wZTMHjasC9WE9q4LndN6t7O2yJ+utsTAnrxQ==",
      "dependencies": {
        "@flake-universal/core": "file:../flake-testing/packages/core"
      }
    },
    "node_modules/flake-testing/packages/core": {}
  },
  "dependencies": {
    "@flake-universal/core": {
      "version": "file:node_modules/flake-testing/packages/core"
    },
    "flake-javascript": {
      "version": "1.0.3",
      "resolved": "https://registry.npmjs.org/flake-javascript/-/flake-javascript-1.0.3.tgz",
      "integrity": "sha512-yo8865ET6zbkOHWdBZWqPLYhXI8aXC38oggpfsE/VPQXNYmeb4wZTMHjasC9WE9q4LndN6t7O2yJ+utsTAnrxQ==",
      "requires": {
        "@flake-universal/core": "file:../flake-testing/packages/core"
      }
    }
  }
}
